
Microsoft Visual Studio Solution File, Format Version 12.00
# Visual Studio Version 17
VisualStudioVersion = 17.8.34408.163
MinimumVisualStudioVersion = 10.0.40219.1
Project("{FAE04EC0-301F-11D3-BF4B-00C04F79EFBC}") = "WebApplication1", "WebApplication1.csproj", "{D7FE48F3-1C37-48C3-938A-27C7D2A635A2}"
EndProject
Global
	GlobalSection(SolutionConfigurationPlatforms) = preSolution
		Debug|Any CPU = Debug|Any CPU
		Release|Any CPU = Release|Any CPU
	EndGlobalSection
	GlobalSection(ProjectConfigurationPlatforms) = postSolution
		{D7FE48F3-1C37-48C3-938A-27C7D2A635A2}.Debug|Any CPU.ActiveCfg = Debug|Any CPU
		{D7FE48F3-1C37-48C3-938A-27C7D2A635A2}.Debug|Any CPU.Build.0 = Debug|Any CPU
		{D7FE48F3-1C37-48C3-938A-27C7D2A635A2}.Release|Any CPU.ActiveCfg = Release|Any CPU
		{D7FE48F3-1C37-48C3-938A-27C7D2A635A2}.Release|Any CPU.Build.0 = Release|Any CPU
	EndGlobalSection
	GlobalSection(SolutionProperties) = preSolution
		HideSolutionNode = FALSE
	EndGlobalSection
	GlobalSection(ExtensibilityGlobals) = postSolution
		SolutionGuid = {3654433C-AE0F-4A17-A098-E33A98DED2A8}
	EndGlobalSection
EndGlobal
